{
  "name": "todo-vue",
  "version": "0.0.0",
  "lockfileVersion": 3,
  "requires": true,
  "packages": {
    "": {
      "name": "todo-vue",
      "version": "0.0.0",
      "dependencies": {
        "vue": "^3.3.4"
      },
      "devDependencies": {
        "@vitejs/plugin-vue": "^4.2.3",
        "vite": "^4.4.0"
      }
    },
    "node_modules/@babel/parser": {
      "version": "7.22.7",
      "resolved": "https://pkgs.dev.azure.com/daimler-mic/_packaging/mercedes-developer-experience/npm/registry/@babel/parser/-/parser-7.22.7.tgz",
      "integrity": "sha1-34zwhc6S3b2/Zop/GGzoSMkDbK4=",
      "license": "MIT",
      "bin": {
        "parser": "bin/babel-parser.js"
      },
      "engines": {
        "node": ">=6.0.0"
      }
    },
    "node_modules/@esbuild/android-arm": {
      "version": "0.18.11",
      "resolved": "https://pkgs.dev.azure.com/daimler-mic/_packaging/mercedes-developer-experience/npm/registry/@esbuild/android-arm/-/android-arm-0.18.11.tgz",
      "integrity": "sha1-roSkEGlsn1SaFb6U6uzsuGC6yss=",
      "cpu": [
        "arm"
      ],
      "dev": true,
      "license": "MIT",
      "optional": true,
      "os": [
        "android"
      ],
      "engines": {
        "node": ">=12"
      }
    },
    "node_modules/@esbuild/android-arm64": {
      "version": "0.18.11",
      "resolved": "https://pkgs.dev.azure.com/daimler-mic/_packaging/mercedes-developer-experience/npm/registry/@esbuild/android-arm64/-/android-arm64-0.18.11.tgz",
      "integrity": "sha1-+m8MxxBTZ8t5zAqL8yv1DLFnPkU=",
      "cpu": [
        "arm64"
      ],
      "dev": true,
      "license": "MIT",
      "optional": true,
      "os": [
        "android"
      ],
      "engines": {
        "node": ">=12"
      }
    },
    "node_modules/@esbuild/android-x64": {
      "version": "0.18.11",
      "resolved": "https://pkgs.dev.azure.com/daimler-mic/_packaging/mercedes-developer-experience/npm/registry/@esbuild/android-x64/-/android-x64-0.18.11.tgz",
      "integrity": "sha1-Dlg2C7x4mtDWgXTTK6IOZ4wqFrY=",
      "cpu": [
        "x64"
      ],
      "dev": true,
      "license": "MIT",
      "optional": true,
      "os": [
        "android"
      ],
      "engines": {
        "node": ">=12"
      }
    },
    "node_modules/@esbuild/darwin-arm64": {
      "version": "0.18.11",
      "resolved": "https://pkgs.dev.azure.com/daimler-mic/_packaging/mercedes-developer-experience/npm/registry/@esbuild/darwin-arm64/-/darwin-arm64-0.18.11.tgz",
      "integrity": "sha1-/NzS73bKZWVAIIr92E8oQHLw0fk=",
      "cpu": [
        "arm64"
      ],
      "dev": true,
      "license": "MIT",
      "optional": true,
      "os": [
        "darwin"
      ],
      "engines": {
        "node": ">=12"
      }
    },
    "node_modules/@esbuild/darwin-x64": {
      "version": "0.18.11",
      "resolved": "https://pkgs.dev.azure.com/daimler-mic/_packaging/mercedes-developer-experience/npm/registry/@esbuild/darwin-x64/-/darwin-x64-0.18.11.tgz",
      "integrity": "sha1-xaxgLsBQSo/4HodryKmBHpTWnTc=",
      "cpu": [
        "x64"
      ],
      "dev": true,
      "license": "MIT",
      "optional": true,
      "os": [
        "darwin"
      ],
      "engines": {
        "node": ">=12"
      }
    },
    "node_modules/@esbuild/freebsd-arm64": {
      "version": "0.18.11",
      "resolved": "https://pkgs.dev.azure.com/daimler-mic/_packaging/mercedes-developer-experience/npm/registry/@esbuild/freebsd-arm64/-/freebsd-arm64-0.18.11.tgz",
      "integrity": "sha1-cBL7Bu4+bg1VYGZKZfP++8xG2y4=",
      "cpu": [
        "arm64"
      ],
      "dev": true,
      "license": "MIT",
      "optional": true,
      "os": [
        "freebsd"
      ],
      "engines": {
        "node": ">=12"
      }
    },
    "node_modules/@esbuild/freebsd-x64": {
      "version": "0.18.11",
      "resolved": "https://pkgs.dev.azure.com/daimler-mic/_packaging/mercedes-developer-experience/npm/registry/@esbuild/freebsd-x64/-/freebsd-x64-0.18.11.tgz",
      "integrity": "sha1-xd4RmfcOH5fVyPylGvqb+aKvWWk=",
      "cpu": [
        "x64"
      ],
      "dev": true,
      "license": "MIT",
      "optional": true,
      "os": [
        "freebsd"
      ],
      "engines": {
        "node": ">=12"
      }
    },
    "node_modules/@esbuild/linux-arm": {
      "version": "0.18.11",
      "resolved": "https://pkgs.dev.azure.com/daimler-mic/_packaging/mercedes-developer-experience/npm/registry/@esbuild/linux-arm/-/linux-arm-0.18.11.tgz",
      "integrity": "sha1-UXW9YbeTtDbkrs5jKKoNm+B3UeE=",
      "cpu": [
        "arm"
      ],
      "dev": true,
      "license": "MIT",
      "optional": true,
      "os": [
        "linux"
      ],
      "engines": {
        "node": ">=12"
      }
    },
    "node_modules/@esbuild/linux-arm64": {
      "version": "0.18.11",
      "resolved": "https://pkgs.dev.azure.com/daimler-mic/_packaging/mercedes-developer-experience/npm/registry/@esbuild/linux-arm64/-/linux-arm64-0.18.11.tgz",
      "integrity": "sha1-Km06dOC4tfKU4itFFbKfduvUJmA=",
      "cpu": [
        "arm64"
      ],
      "dev": true,
      "license": "MIT",
      "optional": true,
      "os": [
        "linux"
      ],
      "engines": {
        "node": ">=12"
      }
    },
    "node_modules/@esbuild/linux-ia32": {
      "version": "0.18.11",
      "resolved": "https://pkgs.dev.azure.com/daimler-mic/_packaging/mercedes-developer-experience/npm/registry/@esbuild/linux-ia32/-/linux-ia32-0.18.11.tgz",
      "integrity": "sha1-IO5s/WWjmIdfMhpIXnsieOX29ns=",
      "cpu": [
        "ia32"
      ],
      "dev": true,
      "license": "MIT",
      "optional": true,
      "os": [
        "linux"
      ],
      "engines": {
        "node": ">=12"
      }
    },
    "node_modules/@esbuild/linux-loong64": {
      "version": "0.18.11",
      "resolved": "https://pkgs.dev.azure.com/daimler-mic/_packaging/mercedes-developer-experience/npm/registry/@esbuild/linux-loong64/-/linux-loong64-0.18.11.tgz",
      "integrity": "sha1-jnslHe3nUIO/RFCNq17c4/SdBSs=",
      "cpu": [
        "loong64"
      ],
      "dev": true,
      "license": "MIT",
      "optional": true,
      "os": [
        "linux"
      ],
      "engines": {
        "node": ">=12"
      }
    },
    "node_modules/@esbuild/linux-mips64el": {
      "version": "0.18.11",
      "resolved": "https://pkgs.dev.azure.com/daimler-mic/_packaging/mercedes-developer-experience/npm/registry/@esbuild/linux-mips64el/-/linux-mips64el-0.18.11.tgz",
      "integrity": "sha1-oxJetIU4rEkyqdBQibFX+U5EMWU=",
      "cpu": [
        "mips64el"
      ],
      "dev": true,
      "license": "MIT",
      "optional": true,
      "os": [
        "linux"
      ],
      "engines": {
        "node": ">=12"
      }
    },
    "node_modules/@esbuild/linux-ppc64": {
      "version": "0.18.11",
      "resolved": "https://pkgs.dev.azure.com/daimler-mic/_packaging/mercedes-developer-experience/npm/registry/@esbuild/linux-ppc64/-/linux-ppc64-0.18.11.tgz",
      "integrity": "sha1-hCq623oJlb1Tmt7ivk1oG2gnlJk=",
      "cpu": [
        "ppc64"
      ],
      "dev": true,
      "license": "MIT",
      "optional": true,
      "os": [
        "linux"
      ],
      "engines": {
        "node": ">=12"
      }
    },
    "node_modules/@esbuild/linux-riscv64": {
      "version": "0.18.11",
      "resolved": "https://pkgs.dev.azure.com/daimler-mic/_packaging/mercedes-developer-experience/npm/registry/@esbuild/linux-riscv64/-/linux-riscv64-0.18.11.tgz",
      "integrity": "sha1-fObmzuHHLVtNL0+Lb8zPSpvqDig=",
      "cpu": [
        "riscv64"
      ],
      "dev": true,
      "license": "MIT",
      "optional": true,
      "os": [
        "linux"
      ],
      "engines": {
        "node": ">=12"
      }
    },
    "node_modules/@esbuild/linux-s390x": {
      "version": "0.18.11",
      "resolved": "https://pkgs.dev.azure.com/daimler-mic/_packaging/mercedes-developer-experience/npm/registry/@esbuild/linux-s390x/-/linux-s390x-0.18.11.tgz",
      "integrity": "sha1-mPvHlDY9At7QfTAN8uU1ZQspe5Y=",
      "cpu": [
        "s390x"
      ],
      "dev": true,
      "license": "MIT",
      "optional": true,
      "os": [
        "linux"
      ],
      "engines": {
        "node": ">=12"
      }
    },
    "node_modules/@esbuild/linux-x64": {
      "version": "0.18.11",
      "resolved": "https://pkgs.dev.azure.com/daimler-mic/_packaging/mercedes-developer-experience/npm/registry/@esbuild/linux-x64/-/linux-x64-0.18.11.tgz",
      "integrity": "sha1-+EWOyM90yCdOTKzQB0TYRGysUus=",
      "cpu": [
        "x64"
      ],
      "dev": true,
      "license": "MIT",
      "optional": true,
      "os": [
        "linux"
      ],
      "engines": {
        "node": ">=12"
      }
    },
    "node_modules/@esbuild/netbsd-x64": {
      "version": "0.18.11",
      "resolved": "https://pkgs.dev.azure.com/daimler-mic/_packaging/mercedes-developer-experience/npm/registry/@esbuild/netbsd-x64/-/netbsd-x64-0.18.11.tgz",
      "integrity": "sha1-p7L5kbgpN0invkLqwcQyX68MfMo=",
      "cpu": [
        "x64"
      ],
      "dev": true,
      "license": "MIT",
      "optional": true,
      "os": [
        "netbsd"
      ],
      "engines": {
        "node": ">=12"
      }
    },
    "node_modules/@esbuild/openbsd-x64": {
      "version": "0.18.11",
      "resolved": "https://pkgs.dev.azure.com/daimler-mic/_packaging/mercedes-developer-experience/npm/registry/@esbuild/openbsd-x64/-/openbsd-x64-0.18.11.tgz",
      "integrity": "sha1-PlCSPehMVACPg0IhEw/SNkYHKy8=",
      "cpu": [
        "x64"
      ],
      "dev": true,
      "license": "MIT",
      "optional": true,
      "os": [
        "openbsd"
      ],
      "engines": {
        "node": ">=12"
      }
    },
    "node_modules/@esbuild/sunos-x64": {
      "version": "0.18.11",
      "resolved": "https://pkgs.dev.azure.com/daimler-mic/_packaging/mercedes-developer-experience/npm/registry/@esbuild/sunos-x64/-/sunos-x64-0.18.11.tgz",
      "integrity": "sha1-rkelULDNOV3gNgbs+6A8yWx8GeI=",
      "cpu": [
        "x64"
      ],
      "dev": true,
      "license": "MIT",
      "optional": true,
      "os": [
        "sunos"
      ],
      "engines": {
        "node": ">=12"
      }
    },
    "node_modules/@esbuild/win32-arm64": {
      "version": "0.18.11",
      "resolved": "https://pkgs.dev.azure.com/daimler-mic/_packaging/mercedes-developer-experience/npm/registry/@esbuild/win32-arm64/-/win32-arm64-0.18.11.tgz",
      "integrity": "sha1-BdNkWCt4Ytf79GmO9DZE9zRtz8w=",
      "cpu": [
        "arm64"
      ],
      "dev": true,
      "license": "MIT",
      "optional": true,
      "os": [
        "win32"
      ],
      "engines": {
        "node": ">=12"
      }
    },
    "node_modules/@esbuild/win32-ia32": {
      "version": "0.18.11",
      "resolved": "https://pkgs.dev.azure.com/daimler-mic/_packaging/mercedes-developer-experience/npm/registry/@esbuild/win32-ia32/-/win32-ia32-0.18.11.tgz",
      "integrity": "sha1-ozcglaShk52mchVqPBBPjOhe5hY=",
      "cpu": [
        "ia32"
      ],
      "dev": true,
      "license": "MIT",
      "optional": true,
      "os": [
        "win32"
      ],
      "engines": {
        "node": ">=12"
      }
    },
    "node_modules/@esbuild/win32-x64": {
      "version": "0.18.11",
      "resolved": "https://pkgs.dev.azure.com/daimler-mic/_packaging/mercedes-developer-experience/npm/registry/@esbuild/win32-x64/-/win32-x64-0.18.11.tgz",
      "integrity": "sha1-ZSbH4bQNW58KIixrdnwi9vuXqlc=",
      "cpu": [
        "x64"
      ],
      "dev": true,
      "license": "MIT",
      "optional": true,
      "os": [
        "win32"
      ],
      "engines": {
        "node": ">=12"
      }
    },
    "node_modules/@jridgewell/sourcemap-codec": {
      "version": "1.4.15",
      "resolved": "https://pkgs.dev.azure.com/daimler-mic/_packaging/mercedes-developer-experience/npm/registry/@jridgewell/sourcemap-codec/-/sourcemap-codec-1.4.15.tgz",
      "integrity": "sha1-18bmdVx4VnqVHgSrUu8P0m3lnzI=",
      "license": "MIT"
    },
    "node_modules/@vitejs/plugin-vue": {
      "version": "4.2.3",
      "resolved": "https://pkgs.dev.azure.com/daimler-mic/_packaging/mercedes-developer-experience/npm/registry/@vitejs/plugin-vue/-/plugin-vue-4.2.3.tgz",
      "integrity": "sha1-7gtt/MYv5lNk5jlb84+iuhC7RLY=",
      "dev": true,
      "license": "MIT",
      "engines": {
        "node": "^14.18.0 || >=16.0.0"
      },
      "peerDependencies": {
        "vite": "^4.0.0",
        "vue": "^3.2.25"
      }
    },
    "node_modules/@vue/compiler-core": {
      "version": "3.3.4",
      "resolved": "https://pkgs.dev.azure.com/daimler-mic/_packaging/mercedes-developer-experience/npm/registry/@vue/compiler-core/-/compiler-core-3.3.4.tgz",
      "integrity": "sha1-f79ZHBwZ4azSj/0oRSbpi09YESg=",
      "license": "MIT",
      "dependencies": {
        "@babel/parser": "^7.21.3",
        "@vue/shared": "3.3.4",
        "estree-walker": "^2.0.2",
        "source-map-js": "^1.0.2"
      }
    },
    "node_modules/@vue/compiler-dom": {
      "version": "3.3.4",
      "resolved": "https://pkgs.dev.azure.com/daimler-mic/_packaging/mercedes-developer-experience/npm/registry/@vue/compiler-dom/-/compiler-dom-3.3.4.tgz",
      "integrity": "sha1-9W4JtfTX3DUPmBeE3pcT2CM0EVE=",
      "license": "MIT",
      "dependencies": {
        "@vue/compiler-core": "3.3.4",
        "@vue/shared": "3.3.4"
      }
    },
    "node_modules/@vue/compiler-sfc": {
      "version": "3.3.4",
      "resolved": "https://pkgs.dev.azure.com/daimler-mic/_packaging/mercedes-developer-experience/npm/registry/@vue/compiler-sfc/-/compiler-sfc-3.3.4.tgz",
      "integrity": "sha1-sZ2ULHGTiJNTW0YibWAnIFkwAd8=",
      "license": "MIT",
      "dependencies": {
        "@babel/parser": "^7.20.15",
        "@vue/compiler-core": "3.3.4",
        "@vue/compiler-dom": "3.3.4",
        "@vue/compiler-ssr": "3.3.4",
        "@vue/reactivity-transform": "3.3.4",
        "@vue/shared": "3.3.4",
        "estree-walker": "^2.0.2",
        "magic-string": "^0.30.0",
        "postcss": "^8.1.10",
        "source-map-js": "^1.0.2"
      }
    },
    "node_modules/@vue/compiler-ssr": {
      "version": "3.3.4",
      "resolved": "https://pkgs.dev.azure.com/daimler-mic/_packaging/mercedes-developer-experience/npm/registry/@vue/compiler-ssr/-/compiler-ssr-3.3.4.tgz",
      "integrity": "sha1-nRN5q/+k8rDNhEF0zuxKlyETh3c=",
      "license": "MIT",
      "dependencies": {
        "@vue/compiler-dom": "3.3.4",
        "@vue/shared": "3.3.4"
      }
    },
    "node_modules/@vue/reactivity": {
      "version": "3.3.4",
      "resolved": "https://pkgs.dev.azure.com/daimler-mic/_packaging/mercedes-developer-experience/npm/registry/@vue/reactivity/-/reactivity-3.3.4.tgz",
      "integrity": "sha1-onopxs0X+rpaDpn7uG7pUWU+IlM=",
      "license": "MIT",
      "dependencies": {
        "@vue/shared": "3.3.4"
      }
    },
    "node_modules/@vue/reactivity-transform": {
      "version": "3.3.4",
      "resolved": "https://pkgs.dev.azure.com/daimler-mic/_packaging/mercedes-developer-experience/npm/registry/@vue/reactivity-transform/-/reactivity-transform-3.3.4.tgz",
      "integrity": "sha1-UpCEduNNamXGwhzSci1B7YrlGSk=",
      "license": "MIT",
      "dependencies": {
        "@babel/parser": "^7.20.15",
        "@vue/compiler-core": "3.3.4",
        "@vue/shared": "3.3.4",
        "estree-walker": "^2.0.2",
        "magic-string": "^0.30.0"
      }
    },
    "node_modules/@vue/runtime-core": {
      "version": "3.3.4",
      "resolved": "https://pkgs.dev.azure.com/daimler-mic/_packaging/mercedes-developer-experience/npm/registry/@vue/runtime-core/-/runtime-core-3.3.4.tgz",
      "integrity": "sha1-S7M4cru1g3IbNA8wiIiDlBlZZ9E=",
      "license": "MIT",
      "dependencies": {
        "@vue/reactivity": "3.3.4",
        "@vue/shared": "3.3.4"
      }
    },
    "node_modules/@vue/runtime-dom": {
      "version": "3.3.4",
      "resolved": "https://pkgs.dev.azure.com/daimler-mic/_packaging/mercedes-developer-experience/npm/registry/@vue/runtime-dom/-/runtime-dom-3.3.4.tgz",
      "integrity": "sha1-mS8ledDtbOlh9Hu+m/5LZ5ElFWY=",
      "license": "MIT",
      "dependencies": {
        "@vue/runtime-core": "3.3.4",
        "@vue/shared": "3.3.4",
        "csstype": "^3.1.1"
      }
    },
    "node_modules/@vue/server-renderer": {
      "version": "3.3.4",
      "resolved": "https://pkgs.dev.azure.com/daimler-mic/_packaging/mercedes-developer-experience/npm/registry/@vue/server-renderer/-/server-renderer-3.3.4.tgz",
      "integrity": "sha1-6kZZS3ldFTbym8WS3Q9mVffqTEw=",
      "license": "MIT",
      "dependencies": {
        "@vue/compiler-ssr": "3.3.4",
        "@vue/shared": "3.3.4"
      },
      "peerDependencies": {
        "vue": "3.3.4"
      }
    },
    "node_modules/@vue/shared": {
      "version": "3.3.4",
      "resolved": "https://pkgs.dev.azure.com/daimler-mic/_packaging/mercedes-developer-experience/npm/registry/@vue/shared/-/shared-3.3.4.tgz",
      "integrity": "sha1-Bug8UCf0ZO74YcMpvoFFS8i3B4A=",
      "license": "MIT"
    },
    "node_modules/csstype": {
      "version": "3.1.2",
      "resolved": "https://pkgs.dev.azure.com/daimler-mic/_packaging/mercedes-developer-experience/npm/registry/csstype/-/csstype-3.1.2.tgz",
      "integrity": "sha1-HUv51XLxHBQDHwQ24cELwfVx9Qs=",
      "license": "MIT"
    },
    "node_modules/esbuild": {
      "version": "0.18.11",
      "resolved": "https://pkgs.dev.azure.com/daimler-mic/_packaging/mercedes-developer-experience/npm/registry/esbuild/-/esbuild-0.18.11.tgz",
      "integrity": "sha1-y/lNwzWdV/YAoNvygd+bHRtKFW4=",
      "dev": true,
      "hasInstallScript": true,
      "license": "MIT",
      "bin": {
        "esbuild": "bin/esbuild"
      },
      "engines": {
        "node": ">=12"
      },
      "optionalDependencies": {
        "@esbuild/android-arm": "0.18.11",
        "@esbuild/android-arm64": "0.18.11",
        "@esbuild/android-x64": "0.18.11",
        "@esbuild/darwin-arm64": "0.18.11",
        "@esbuild/darwin-x64": "0.18.11",
        "@esbuild/freebsd-arm64": "0.18.11",
        "@esbuild/freebsd-x64": "0.18.11",
        "@esbuild/linux-arm": "0.18.11",
        "@esbuild/linux-arm64": "0.18.11",
        "@esbuild/linux-ia32": "0.18.11",
        "@esbuild/linux-loong64": "0.18.11",
        "@esbuild/linux-mips64el": "0.18.11",
        "@esbuild/linux-ppc64": "0.18.11",
        "@esbuild/linux-riscv64": "0.18.11",
        "@esbuild/linux-s390x": "0.18.11",
        "@esbuild/linux-x64": "0.18.11",
        "@esbuild/netbsd-x64": "0.18.11",
        "@esbuild/openbsd-x64": "0.18.11",
        "@esbuild/sunos-x64": "0.18.11",
        "@esbuild/win32-arm64": "0.18.11",
        "@esbuild/win32-ia32": "0.18.11",
        "@esbuild/win32-x64": "0.18.11"
      }
    },
    "node_modules/estree-walker": {
      "version": "2.0.2",
      "resolved": "https://pkgs.dev.azure.com/daimler-mic/_packaging/mercedes-developer-experience/npm/registry/estree-walker/-/estree-walker-2.0.2.tgz",
      "integrity": "sha1-UvAQF4wqTBF6d1fP6UKtt9LaTKw=",
      "license": "MIT"
    },
    "node_modules/fsevents": {
      "version": "2.3.2",
      "resolved": "https://pkgs.dev.azure.com/daimler-mic/_packaging/mercedes-developer-experience/npm/registry/fsevents/-/fsevents-2.3.2.tgz",
      "integrity": "sha1-ilJveLj99GI7cJ4Ll1xSwkwC/Ro=",
      "dev": true,
      "license": "MIT",
      "optional": true,
      "os": [
        "darwin"
      ],
      "engines": {
        "node": "^8.16.0 || ^10.6.0 || >=11.0.0"
      }
    },
    "node_modules/magic-string": {
      "version": "0.30.1",
      "resolved": "https://pkgs.dev.azure.com/daimler-mic/_packaging/mercedes-developer-experience/npm/registry/magic-string/-/magic-string-0.30.1.tgz",
      "integrity": "sha1-zlzUsKgaXQMr1pqrRSIpmyFmKE0=",
      "license": "MIT",
      "dependencies": {
        "@jridgewell/sourcemap-codec": "^1.4.15"
      },
      "engines": {
        "node": ">=12"
      }
    },
    "node_modules/nanoid": {
      "version": "3.3.6",
      "resolved": "https://pkgs.dev.azure.com/daimler-mic/_packaging/mercedes-developer-experience/npm/registry/nanoid/-/nanoid-3.3.6.tgz",
      "integrity": "sha1-RDOAyFbW6fmCQmfZYLQjatWD6kw=",
      "funding": [
        {
          "type": "github",
          "url": "https://github.com/sponsors/ai"
        }
      ],
      "license": "MIT",
      "bin": {
        "nanoid": "bin/nanoid.cjs"
      },
      "engines": {
        "node": "^10 || ^12 || ^13.7 || ^14 || >=15.0.1"
      }
    },
    "node_modules/picocolors": {
      "version": "1.0.0",
      "resolved": "https://pkgs.dev.azure.com/daimler-mic/_packaging/mercedes-developer-experience/npm/registry/picocolors/-/picocolors-1.0.0.tgz",
      "integrity": "sha1-y1vcdP8/UYkiNur3nWi8RFZKuBw=",
      "license": "ISC"
    },
    "node_modules/postcss": {
      "version": "8.4.25",
      "resolved": "https://pkgs.dev.azure.com/daimler-mic/_packaging/mercedes-developer-experience/npm/registry/postcss/-/postcss-8.4.25.tgz",
      "integrity": "sha1-ShM/Xjee2n9h6QbDsaqpuBKScm8=",
      "funding": [
        {
          "type": "opencollective",
          "url": "https://opencollective.com/postcss/"
        },
        {
          "type": "tidelift",
          "url": "https://tidelift.com/funding/github/npm/postcss"
        },
        {
          "type": "github",
          "url": "https://github.com/sponsors/ai"
        }
      ],
      "license": "MIT",
      "dependencies": {
        "nanoid": "^3.3.6",
        "picocolors": "^1.0.0",
        "source-map-js": "^1.0.2"
      },
      "engines": {
        "node": "^10 || ^12 || >=14"
      }
    },
    "node_modules/rollup": {
      "version": "3.26.2",
      "resolved": "https://pkgs.dev.azure.com/daimler-mic/_packaging/mercedes-developer-experience/npm/registry/rollup/-/rollup-3.26.2.tgz",
      "integrity": "sha1-LnajdgbLUj/J/vQ+b1nJP4bZXnw=",
      "dev": true,
      "license": "MIT",
      "bin": {
        "rollup": "dist/bin/rollup"
      },
      "engines": {
        "node": ">=14.18.0",
        "npm": ">=8.0.0"
      },
      "optionalDependencies": {
        "fsevents": "~2.3.2"
      }
    },
    "node_modules/source-map-js": {
      "version": "1.0.2",
      "resolved": "https://pkgs.dev.azure.com/daimler-mic/_packaging/mercedes-developer-experience/npm/registry/source-map-js/-/source-map-js-1.0.2.tgz",
      "integrity": "sha1-rbw2HZxi3zgBJefxYfccgm8eSQw=",
      "license": "BSD-3-Clause",
      "engines": {
        "node": ">=0.10.0"
      }
    },
    "node_modules/vite": {
      "version": "4.4.2",
      "resolved": "https://pkgs.dev.azure.com/daimler-mic/_packaging/mercedes-developer-experience/npm/registry/vite/-/vite-4.4.2.tgz",
      "integrity": "sha1-rNR953HEmK7IDkkA8wEz2VKbJ4o=",
      "dev": true,
      "license": "MIT",
      "dependencies": {
        "esbuild": "^0.18.10",
        "postcss": "^8.4.24",
        "rollup": "^3.25.2"
      },
      "bin": {
        "vite": "bin/vite.js"
      },
      "engines": {
        "node": "^14.18.0 || >=16.0.0"
      },
      "funding": {
        "url": "https://github.com/vitejs/vite?sponsor=1"
      },
      "optionalDependencies": {
        "fsevents": "~2.3.2"
      },
      "peerDependencies": {
        "@types/node": ">= 14",
        "less": "*",
        "lightningcss": "^1.21.0",
        "sass": "*",
        "stylus": "*",
        "sugarss": "*",
        "terser": "^5.4.0"
      },
      "peerDependenciesMeta": {
        "@types/node": {
          "optional": true
        },
        "less": {
          "optional": true
        },
        "lightningcss": {
          "optional": true
        },
        "sass": {
          "optional": true
        },
        "stylus": {
          "optional": true
        },
        "sugarss": {
          "optional": true
        },
        "terser": {
          "optional": true
        }
      }
    },
    "node_modules/vue": {
      "version": "3.3.4",
      "resolved": "https://pkgs.dev.azure.com/daimler-mic/_packaging/mercedes-developer-experience/npm/registry/vue/-/vue-3.3.4.tgz",
      "integrity": "sha1-jtlF04c2Z98dD887JGOtoCj4i9Y=",
      "license": "MIT",
      "dependencies": {
        "@vue/compiler-dom": "3.3.4",
        "@vue/compiler-sfc": "3.3.4",
        "@vue/runtime-dom": "3.3.4",
        "@vue/server-renderer": "3.3.4",
        "@vue/shared": "3.3.4"
      }
    }
  }
}
